
Microsoft Visual Studio Solution File, Format Version 12.00
# Visual Studio Version 16
VisualStudioVersion = 16.0.29318.209
MinimumVisualStudioVersion = 10.0.40219.1
Project("{FAE04EC0-301F-11D3-BF4B-00C04F79EFBC}") = "WebApplication3", "WebApplication3\WebApplication3.csproj", "{6C401930-1536-465D-B677-984D5DC7598E}"
EndProject
Global
	GlobalSection(SolutionConfigurationPlatforms) = preSolution
		Debug|Any CPU = Debug|Any CPU
		Release|Any CPU = Release|Any CPU
	EndGlobalSection
	GlobalSection(ProjectConfigurationPlatforms) = postSolution
		{6C401930-1536-465D-B677-984D5DC7598E}.Debug|Any CPU.ActiveCfg = Debug|Any CPU
		{6C401930-1536-465D-B677-984D5DC7598E}.Debug|Any CPU.Build.0 = Debug|Any CPU
		{6C401930-1536-465D-B677-984D5DC7598E}.Release|Any CPU.ActiveCfg = Release|Any CPU
		{6C401930-1536-465D-B677-984D5DC7598E}.Release|Any CPU.Build.0 = Release|Any CPU
	EndGlobalSection
	GlobalSection(SolutionProperties) = preSolution
		HideSolutionNode = FALSE
	EndGlobalSection
	GlobalSection(ExtensibilityGlobals) = postSolution
		SolutionGuid = {BDF2A491-0115-4EEF-B204-7EA012346AEE}
	EndGlobalSection
EndGlobal
